<?xml version="1.0" encoding="utf-8"?>
<Project ToolsVersion="4.0" xmlns="http://schemas.microsoft.com/developer/msbuild/2003">
  <ItemGroup>
    <Filter Include="Source Files">
      <UniqueIdentifier>{4FC737F1-C7A5-4376-A066-2A32D752A2FF}</UniqueIdentifier>
      <Extensions>cpp;c;cc;cxx;def;odl;idl;hpj;bat;asm;asmx</Extensions>
    </Filter>
    <Filter Include="Header Files">
      <UniqueIdentifier>{93995380-89BD-4b04-88EB-625FBE52EBFB}</UniqueIdentifier>
      <Extensions>h;hh;hpp;hxx;hm;inl;inc;ipp;xsd</Extensions>
    </Filter>
    <Filter Include="Resource Files">
      <UniqueIdentifier>{67DA6AB6-F800-4c08-8B7A-83BB121AAD01}</UniqueIdentifier>
      <Extensions>rc;ico;cur;bmp;dlg;rc2;rct;bin;rgs;gif;jpg;jpeg;jpe;resx;tiff;tif;png;wav;mfcribbon-ms</Extensions>
    </Filter>
    <Filter Include="Header Files\Pizza">
      <UniqueIdentifier>{2906359c-f070-4d1d-8038-18a3e2e72541}</UniqueIdentifier>
    </Filter>
    <Filter Include="Header Files\Bus">
      <UniqueIdentifier>{53645f33-994e-449c-842c-6fc6fed7d396}</UniqueIdentifier>
    </Filter>
    <Filter Include="Header Files\Taxi">
      <UniqueIdentifier>{1e55f795-f059-47bf-9a19-db3dd0cefb93}</UniqueIdentifier>
    </Filter>
    <Filter Include="Header Files\AbstractFactory">
      <UniqueIdentifier>{88da1211-9d53-40d1-a57e-c906af95c783}</UniqueIdentifier>
    </Filter>
  </ItemGroup>
  <ItemGroup>
    <ClCompile Include="Main.cpp">
      <Filter>Source Files</Filter>
    </ClCompile>
  </ItemGroup>
  <ItemGroup>
    <ClInclude Include="AbstractFactory\BoardAnyCar.h">
      <Filter>Header Files\AbstractFactory</Filter>
    </ClInclude>
    <ClInclude Include="AbstractFactory\Driver.h">
      <Filter>Header Files\AbstractFactory</Filter>
    </ClInclude>
    <ClInclude Include="AbstractFactory\PeopleFactory.h">
      <Filter>Header Files\AbstractFactory</Filter>
    </ClInclude>
    <ClInclude Include="Bus\BoardBus.h">
      <Filter>Header Files\Bus</Filter>
    </ClInclude>
    <ClInclude Include="Bus\BusDriver.h">
      <Filter>Header Files\Bus</Filter>
    </ClInclude>
    <ClInclude Include="Bus\BusPeopleFactory.h">
      <Filter>Header Files\Bus</Filter>
    </ClInclude>
    <ClInclude Include="Pizza\BoardPizzaCar.h">
      <Filter>Header Files\Pizza</Filter>
    </ClInclude>
    <ClInclude Include="Pizza\PizzaCarDriver.h">
      <Filter>Header Files\Pizza</Filter>
    </ClInclude>
    <ClInclude Include="Pizza\PizzaFactory.h">
      <Filter>Header Files\Pizza</Filter>
    </ClInclude>
    <ClInclude Include="Taxi\BoardTaxi.h">
      <Filter>Header Files\Taxi</Filter>
    </ClInclude>
    <ClInclude Include="Taxi\TaxiDriver.h">
      <Filter>Header Files\Taxi</Filter>
    </ClInclude>
    <ClInclude Include="Taxi\TaxiPeopleFactory.h">
      <Filter>Header Files\Taxi</Filter>
    </ClInclude>
    <ClInclude Include="AbstractFactory\OldPas.h">
      <Filter>Header Files\AbstractFactory</Filter>
    </ClInclude>
    <ClInclude Include="AbstractFactory\LgotPas.h">
      <Filter>Header Files\AbstractFactory</Filter>
    </ClInclude>
    <ClInclude Include="AbstractFactory\ChilPas.h">
      <Filter>Header Files\AbstractFactory</Filter>
    </ClInclude>
  </ItemGroup>
</Project>